<?xml version="1.0" encoding="utf-8"?>
<Project ToolsVersion="4.0" xmlns="http://schemas.microsoft.com/developer/msbuild/2003">
  <ItemGroup>
    <Filter Include="소스 파일">
      <UniqueIdentifier>{4FC737F1-C7A5-4376-A066-2A32D752A2FF}</UniqueIdentifier>
      <Extensions>cpp;c;cc;cxx;c++;cppm;ixx;def;odl;idl;hpj;bat;asm;asmx</Extensions>
    </Filter>
    <Filter Include="헤더 파일">
      <UniqueIdentifier>{93995380-89BD-4b04-88EB-625FBE52EBFB}</UniqueIdentifier>
      <Extensions>h;hh;hpp;hxx;h++;hm;inl;inc;ipp;xsd</Extensions>
    </Filter>
    <Filter Include="리소스 파일">
      <UniqueIdentifier>{67DA6AB6-F800-4c08-8B7A-83BB121AAD01}</UniqueIdentifier>
      <Extensions>rc;ico;cur;bmp;dlg;rc2;rct;bin;rgs;gif;jpg;jpeg;jpe;resx;tiff;tif;png;wav;mfcribbon-ms</Extensions>
    </Filter>
  </ItemGroup>
  <ItemGroup>
    <ClInclude Include="Framework.h">
      <Filter>헤더 파일</Filter>
    </ClInclude>
    <ClInclude Include="targetver.h">
      <Filter>헤더 파일</Filter>
    </ClInclude>
    <ClInclude Include="Resource.h">
      <Filter>헤더 파일</Filter>
    </ClInclude>
    <ClInclude Include="WinAPI_2206.h">
      <Filter>헤더 파일</Filter>
    </ClInclude>
    <ClInclude Include="Scenes\Scene.h">
      <Filter>헤더 파일</Filter>
    </ClInclude>
    <ClInclude Include="System\GameManager.h">
      <Filter>헤더 파일</Filter>
    </ClInclude>
    <ClInclude Include="Utilities\Singleton.h">
      <Filter>헤더 파일</Filter>
    </ClInclude>
    <ClInclude Include="GameObjects\Basic\Circle.h">
      <Filter>헤더 파일</Filter>
    </ClInclude>
    <ClInclude Include="Math\GameMath.h">
      <Filter>헤더 파일</Filter>
    </ClInclude>
    <ClInclude Include="Scenes\PlaneScene.h">
      <Filter>헤더 파일</Filter>
    </ClInclude>
    <ClInclude Include="GameObjects\Shooting\Bullet.h">
      <Filter>헤더 파일</Filter>
    </ClInclude>
    <ClInclude Include="GameObjects\Shooting\BulletManager.h">
      <Filter>헤더 파일</Filter>
    </ClInclude>
    <ClInclude Include="Math\Vector2.h">
      <Filter>헤더 파일</Filter>
    </ClInclude>
    <ClInclude Include="Scenes\DropScene.h">
      <Filter>헤더 파일</Filter>
    </ClInclude>
    <ClInclude Include="GameObjects\Shooting\DropCircle.h">
      <Filter>헤더 파일</Filter>
    </ClInclude>
    <ClInclude Include="GameObjects\Shooting\DropManager.h">
      <Filter>헤더 파일</Filter>
    </ClInclude>
    <ClInclude Include="Scenes\AngleScene.h">
      <Filter>헤더 파일</Filter>
    </ClInclude>
    <ClInclude Include="GameObjects\Basic\Line.h">
      <Filter>헤더 파일</Filter>
    </ClInclude>
    <ClInclude Include="Scenes\AvoidScene.h">
      <Filter>헤더 파일</Filter>
    </ClInclude>
    <ClInclude Include="Scenes\CollisionScene.h">
      <Filter>헤더 파일</Filter>
    </ClInclude>
    <ClInclude Include="GameObjects\Basic\Rect.h">
      <Filter>헤더 파일</Filter>
    </ClInclude>
    <ClInclude Include="Utilities\Keyboard.h">
      <Filter>헤더 파일</Filter>
    </ClInclude>
    <ClInclude Include="Scenes\BreakoutScene.h">
      <Filter>헤더 파일</Filter>
    </ClInclude>
    <ClInclude Include="GameObjects\Breakout\ControlBar.h">
      <Filter>헤더 파일</Filter>
    </ClInclude>
    <ClInclude Include="GameObjects\Breakout\Ball.h">
      <Filter>헤더 파일</Filter>
    </ClInclude>
    <ClInclude Include="GameObjects\Breakout\Brick.h">
      <Filter>헤더 파일</Filter>
    </ClInclude>
    <ClInclude Include="GameObjects\Breakout\BrickManager.h">
      <Filter>헤더 파일</Filter>
    </ClInclude>
    <ClInclude Include="Utilities\Timer.h">
      <Filter>헤더 파일</Filter>
    </ClInclude>
    <ClInclude Include="Scenes\BitmapScene.h">
      <Filter>헤더 파일</Filter>
    </ClInclude>
    <ClInclude Include="GameObjects\Character\Siva.h">
      <Filter>헤더 파일</Filter>
    </ClInclude>
    <ClInclude Include="Scenes\FlappyBirdScene.h">
      <Filter>헤더 파일</Filter>
    </ClInclude>
    <ClInclude Include="Render\Texture.h">
      <Filter>헤더 파일</Filter>
    </ClInclude>
    <ClInclude Include="GameObjects\Basic\ImageRect.h">
      <Filter>헤더 파일</Filter>
    </ClInclude>
    <ClInclude Include="GameObjects\FlappyBird\Landscape.h">
      <Filter>헤더 파일</Filter>
    </ClInclude>
    <ClInclude Include="GameObjects\FlappyBird\Plane.h">
      <Filter>헤더 파일</Filter>
    </ClInclude>
    <ClInclude Include="GameObjects\FlappyBird\PipeManager.h">
      <Filter>헤더 파일</Filter>
    </ClInclude>
    <ClInclude Include="Scenes\ShootingScene.h">
      <Filter>헤더 파일</Filter>
    </ClInclude>
    <ClInclude Include="Render\TextureManager.h">
      <Filter>헤더 파일</Filter>
    </ClInclude>
    <ClInclude Include="GameObjects\Shooting\Enemy.h">
      <Filter>헤더 파일</Filter>
    </ClInclude>
    <ClInclude Include="GameObjects\Shooting\EnemyManager.h">
      <Filter>헤더 파일</Filter>
    </ClInclude>
    <ClInclude Include="Render\Animation.h">
      <Filter>헤더 파일</Filter>
    </ClInclude>
    <ClInclude Include="GameObjects\UI\ProgressBar.h">
      <Filter>헤더 파일</Filter>
    </ClInclude>
    <ClInclude Include="Scenes\RunningScene.h">
      <Filter>헤더 파일</Filter>
    </ClInclude>
    <ClInclude Include="GameObjects\Character\Cookie.h">
      <Filter>헤더 파일</Filter>
    </ClInclude>
    <ClInclude Include="GameObjects\Running\Land.h">
      <Filter>헤더 파일</Filter>
    </ClInclude>
    <ClInclude Include="GameObjects\Running\LandManager.h">
      <Filter>헤더 파일</Filter>
    </ClInclude>
    <ClInclude Include="Scenes\EffectScene.h">
      <Filter>헤더 파일</Filter>
    </ClInclude>
    <ClInclude Include="GameObjects\Effect\Effect.h">
      <Filter>헤더 파일</Filter>
    </ClInclude>
    <ClInclude Include="GameObjects\Effect\EffectManager.h">
      <Filter>헤더 파일</Filter>
    </ClInclude>
    <ClInclude Include="Utilities\Audio.h">
      <Filter>헤더 파일</Filter>
    </ClInclude>
    <ClInclude Include="Scenes\PixelCollisionScene.h">
      <Filter>헤더 파일</Filter>
    </ClInclude>
    <ClInclude Include="Scenes\CameraScene.h">
      <Filter>헤더 파일</Filter>
    </ClInclude>
    <ClInclude Include="Camera\Camera.h">
      <Filter>헤더 파일</Filter>
    </ClInclude>
    <ClInclude Include="System\SceneManager.h">
      <Filter>헤더 파일</Filter>
    </ClInclude>
    <ClInclude Include="Scenes\StartScene.h">
      <Filter>헤더 파일</Filter>
    </ClInclude>
    <ClInclude Include="GameObjects\UI\Button.h">
      <Filter>헤더 파일</Filter>
    </ClInclude>
    <ClInclude Include="GameObjects\Inventory\DataManager.h">
      <Filter>헤더 파일</Filter>
    </ClInclude>
    <ClInclude Include="GameObjects\Inventory\Item.h">
      <Filter>헤더 파일</Filter>
    </ClInclude>
    <ClInclude Include="GameObjects\Inventory\Store.h">
      <Filter>헤더 파일</Filter>
    </ClInclude>
    <ClInclude Include="GameObjects\Inventory\Inventory.h">
      <Filter>헤더 파일</Filter>
    </ClInclude>
    <ClInclude Include="Scenes\InventoryScene.h">
      <Filter>헤더 파일</Filter>
    </ClInclude>
    <ClInclude Include="GameObjects\Inventory\Observer.h">
      <Filter>헤더 파일</Filter>
    </ClInclude>
    <ClInclude Include="GameObjects\Inventory\Panel.h">
      <Filter>헤더 파일</Filter>
    </ClInclude>
    <ClInclude Include="Utilities\BinaryReader.h">
      <Filter>헤더 파일</Filter>
    </ClInclude>
    <ClInclude Include="Utilities\BinaryWriter.h">
      <Filter>헤더 파일</Filter>
    </ClInclude>
    <ClInclude Include="Scenes\AlphaScene.h">
      <Filter>헤더 파일</Filter>
    </ClInclude>
  </ItemGroup>
  <ItemGroup>
    <ClCompile Include="WinAPI_2206.cpp">
      <Filter>소스 파일</Filter>
    </ClCompile>
    <ClCompile Include="Framework.cpp">
      <Filter>소스 파일</Filter>
    </ClCompile>
    <ClCompile Include="System\GameManager.cpp">
      <Filter>소스 파일</Filter>
    </ClCompile>
    <ClCompile Include="GameObjects\Basic\Circle.cpp">
      <Filter>소스 파일</Filter>
    </ClCompile>
    <ClCompile Include="Math\GameMath.cpp">
      <Filter>소스 파일</Filter>
    </ClCompile>
    <ClCompile Include="Scenes\PlaneScene.cpp">
      <Filter>소스 파일</Filter>
    </ClCompile>
    <ClCompile Include="GameObjects\Shooting\Bullet.cpp">
      <Filter>소스 파일</Filter>
    </ClCompile>
    <ClCompile Include="GameObjects\Shooting\BulletManager.cpp">
      <Filter>소스 파일</Filter>
    </ClCompile>
    <ClCompile Include="Scenes\DropScene.cpp">
      <Filter>소스 파일</Filter>
    </ClCompile>
    <ClCompile Include="GameObjects\Shooting\DropCircle.cpp">
      <Filter>소스 파일</Filter>
    </ClCompile>
    <ClCompile Include="GameObjects\Shooting\DropManager.cpp">
      <Filter>소스 파일</Filter>
    </ClCompile>
    <ClCompile Include="Scenes\AngleScene.cpp">
      <Filter>소스 파일</Filter>
    </ClCompile>
    <ClCompile Include="GameObjects\Basic\Line.cpp">
      <Filter>소스 파일</Filter>
    </ClCompile>
    <ClCompile Include="Scenes\AvoidScene.cpp">
      <Filter>소스 파일</Filter>
    </ClCompile>
    <ClCompile Include="Scenes\CollisionScene.cpp">
      <Filter>소스 파일</Filter>
    </ClCompile>
    <ClCompile Include="GameObjects\Basic\Rect.cpp">
      <Filter>소스 파일</Filter>
    </ClCompile>
    <ClCompile Include="Utilities\Keyboard.cpp">
      <Filter>소스 파일</Filter>
    </ClCompile>
    <ClCompile Include="Scenes\BreakoutScene.cpp">
      <Filter>소스 파일</Filter>
    </ClCompile>
    <ClCompile Include="GameObjects\Breakout\ControlBar.cpp">
      <Filter>소스 파일</Filter>
    </ClCompile>
    <ClCompile Include="GameObjects\Breakout\Ball.cpp">
      <Filter>소스 파일</Filter>
    </ClCompile>
    <ClCompile Include="GameObjects\Breakout\Brick.cpp">
      <Filter>소스 파일</Filter>
    </ClCompile>
    <ClCompile Include="GameObjects\Breakout\BrickManager.cpp">
      <Filter>소스 파일</Filter>
    </ClCompile>
    <ClCompile Include="Utilities\Timer.cpp">
      <Filter>소스 파일</Filter>
    </ClCompile>
    <ClCompile Include="Scenes\BitmapScene.cpp">
      <Filter>소스 파일</Filter>
    </ClCompile>
    <ClCompile Include="GameObjects\Character\Siva.cpp">
      <Filter>소스 파일</Filter>
    </ClCompile>
    <ClCompile Include="Scenes\FlappyBirdScene.cpp">
      <Filter>소스 파일</Filter>
    </ClCompile>
    <ClCompile Include="Render\Texture.cpp">
      <Filter>소스 파일</Filter>
    </ClCompile>
    <ClCompile Include="GameObjects\Basic\ImageRect.cpp">
      <Filter>소스 파일</Filter>
    </ClCompile>
    <ClCompile Include="GameObjects\FlappyBird\Landscape.cpp">
      <Filter>소스 파일</Filter>
    </ClCompile>
    <ClCompile Include="GameObjects\FlappyBird\Plane.cpp">
      <Filter>소스 파일</Filter>
    </ClCompile>
    <ClCompile Include="GameObjects\FlappyBird\PipeManager.cpp">
      <Filter>소스 파일</Filter>
    </ClCompile>
    <ClCompile Include="Scenes\ShootingScene.cpp">
      <Filter>소스 파일</Filter>
    </ClCompile>
    <ClCompile Include="Render\TextureManager.cpp">
      <Filter>소스 파일</Filter>
    </ClCompile>
    <ClCompile Include="GameObjects\Shooting\Enemy.cpp">
      <Filter>소스 파일</Filter>
    </ClCompile>
    <ClCompile Include="GameObjects\Shooting\EnemyManager.cpp">
      <Filter>소스 파일</Filter>
    </ClCompile>
    <ClCompile Include="Render\Animation.cpp">
      <Filter>소스 파일</Filter>
    </ClCompile>
    <ClCompile Include="GameObjects\UI\ProgressBar.cpp">
      <Filter>소스 파일</Filter>
    </ClCompile>
    <ClCompile Include="Scenes\RunningScene.cpp">
      <Filter>소스 파일</Filter>
    </ClCompile>
    <ClCompile Include="GameObjects\Character\Cookie.cpp">
      <Filter>소스 파일</Filter>
    </ClCompile>
    <ClCompile Include="GameObjects\Running\Land.cpp">
      <Filter>소스 파일</Filter>
    </ClCompile>
    <ClCompile Include="GameObjects\Running\LandManager.cpp">
      <Filter>소스 파일</Filter>
    </ClCompile>
    <ClCompile Include="Scenes\EffectScene.cpp">
      <Filter>소스 파일</Filter>
    </ClCompile>
    <ClCompile Include="GameObjects\Effect\Effect.cpp">
      <Filter>소스 파일</Filter>
    </ClCompile>
    <ClCompile Include="GameObjects\Effect\EffectManager.cpp">
      <Filter>소스 파일</Filter>
    </ClCompile>
    <ClCompile Include="Utilities\Audio.cpp">
      <Filter>소스 파일</Filter>
    </ClCompile>
    <ClCompile Include="Scenes\PixelCollisionScene.cpp">
      <Filter>소스 파일</Filter>
    </ClCompile>
    <ClCompile Include="Scenes\CameraScene.cpp">
      <Filter>소스 파일</Filter>
    </ClCompile>
    <ClCompile Include="Camera\Camera.cpp">
      <Filter>소스 파일</Filter>
    </ClCompile>
    <ClCompile Include="System\SceneManager.cpp">
      <Filter>소스 파일</Filter>
    </ClCompile>
    <ClCompile Include="Scenes\StartScene.cpp">
      <Filter>소스 파일</Filter>
    </ClCompile>
    <ClCompile Include="GameObjects\UI\Button.cpp">
      <Filter>소스 파일</Filter>
    </ClCompile>
    <ClCompile Include="GameObjects\Inventory\DataManager.cpp">
      <Filter>소스 파일</Filter>
    </ClCompile>
    <ClCompile Include="GameObjects\Inventory\Item.cpp">
      <Filter>소스 파일</Filter>
    </ClCompile>
    <ClCompile Include="GameObjects\Inventory\Store.cpp">
      <Filter>소스 파일</Filter>
    </ClCompile>
    <ClCompile Include="Scenes\InventoryScene.cpp">
      <Filter>소스 파일</Filter>
    </ClCompile>
    <ClCompile Include="GameObjects\Inventory\Observer.cpp">
      <Filter>소스 파일</Filter>
    </ClCompile>
    <ClCompile Include="GameObjects\Inventory\Inventory.cpp">
      <Filter>소스 파일</Filter>
    </ClCompile>
    <ClCompile Include="GameObjects\Inventory\Panel.cpp">
      <Filter>소스 파일</Filter>
    </ClCompile>
    <ClCompile Include="Utilities\BinaryWriter.cpp">
      <Filter>소스 파일</Filter>
    </ClCompile>
    <ClCompile Include="Utilities\BinaryReader.cpp">
      <Filter>소스 파일</Filter>
    </ClCompile>
    <ClCompile Include="Scenes\AlphaScene.cpp">
      <Filter>소스 파일</Filter>
    </ClCompile>
  </ItemGroup>
  <ItemGroup>
    <ResourceCompile Include="WinAPI_2206.rc">
      <Filter>리소스 파일</Filter>
    </ResourceCompile>
  </ItemGroup>
  <ItemGroup>
    <Image Include="small.ico">
      <Filter>리소스 파일</Filter>
    </Image>
    <Image Include="WinAPI_2206.ico">
      <Filter>리소스 파일</Filter>
    </Image>
  </ItemGroup>
</Project>