
Microsoft Visual Studio Solution File, Format Version 12.00
# Visual Studio Version 17
VisualStudioVersion = 17.2.32630.192
MinimumVisualStudioVersion = 10.0.40219.1
Project("{8BC9CEB8-8B4A-11D0-8D11-00A0C91BC942}") = "WinAPI_220729", "WinAPI_220729\WinAPI_220729.vcxproj", "{5641F9FD-C053-4BB8-867D-A1638BD95A82}"
EndProject
Global
	GlobalSection(SolutionConfigurationPlatforms) = preSolution
		Debug|x64 = Debug|x64
		Debug|x86 = Debug|x86
		Release|x64 = Release|x64
		Release|x86 = Release|x86
	EndGlobalSection
	GlobalSection(ProjectConfigurationPlatforms) = postSolution
		{5641F9FD-C053-4BB8-867D-A1638BD95A82}.Debug|x64.ActiveCfg = Debug|x64
		{5641F9FD-C053-4BB8-867D-A1638BD95A82}.Debug|x64.Build.0 = Debug|x64
		{5641F9FD-C053-4BB8-867D-A1638BD95A82}.Debug|x86.ActiveCfg = Debug|Win32
		{5641F9FD-C053-4BB8-867D-A1638BD95A82}.Debug|x86.Build.0 = Debug|Win32
		{5641F9FD-C053-4BB8-867D-A1638BD95A82}.Release|x64.ActiveCfg = Release|x64
		{5641F9FD-C053-4BB8-867D-A1638BD95A82}.Release|x64.Build.0 = Release|x64
		{5641F9FD-C053-4BB8-867D-A1638BD95A82}.Release|x86.ActiveCfg = Release|Win32
		{5641F9FD-C053-4BB8-867D-A1638BD95A82}.Release|x86.Build.0 = Release|Win32
	EndGlobalSection
	GlobalSection(SolutionProperties) = preSolution
		HideSolutionNode = FALSE
	EndGlobalSection
	GlobalSection(ExtensibilityGlobals) = postSolution
		SolutionGuid = {5F0993F5-2AA8-4E63-A39A-D43AB0758AB2}
	EndGlobalSection
EndGlobal
