
Microsoft Visual Studio Solution File, Format Version 12.00
# Visual Studio 15
VisualStudioVersion = 15.0.28307.1778
MinimumVisualStudioVersion = 10.0.40219.1
Project("{8BC9CEB8-8B4A-11D0-8D11-00A0C91BC942}") = "WinAPI_220727_HW", "WinAPI_220727_HW\WinAPI_220727_HW.vcxproj", "{8CE01CCE-F225-4850-924F-EB96914B852F}"
EndProject
Global
	GlobalSection(SolutionConfigurationPlatforms) = preSolution
		Debug|x64 = Debug|x64
		Debug|x86 = Debug|x86
		Release|x64 = Release|x64
		Release|x86 = Release|x86
	EndGlobalSection
	GlobalSection(ProjectConfigurationPlatforms) = postSolution
		{8CE01CCE-F225-4850-924F-EB96914B852F}.Debug|x64.ActiveCfg = Debug|x64
		{8CE01CCE-F225-4850-924F-EB96914B852F}.Debug|x64.Build.0 = Debug|x64
		{8CE01CCE-F225-4850-924F-EB96914B852F}.Debug|x86.ActiveCfg = Debug|Win32
		{8CE01CCE-F225-4850-924F-EB96914B852F}.Debug|x86.Build.0 = Debug|Win32
		{8CE01CCE-F225-4850-924F-EB96914B852F}.Release|x64.ActiveCfg = Release|x64
		{8CE01CCE-F225-4850-924F-EB96914B852F}.Release|x64.Build.0 = Release|x64
		{8CE01CCE-F225-4850-924F-EB96914B852F}.Release|x86.ActiveCfg = Release|Win32
		{8CE01CCE-F225-4850-924F-EB96914B852F}.Release|x86.Build.0 = Release|Win32
	EndGlobalSection
	GlobalSection(SolutionProperties) = preSolution
		HideSolutionNode = FALSE
	EndGlobalSection
	GlobalSection(ExtensibilityGlobals) = postSolution
		SolutionGuid = {6A169D4C-AF7F-4335-84B0-B93ED7ACF69F}
	EndGlobalSection
EndGlobal
